// !$*UTF8*$!
{
	archiveVersion = 1;
	classes = {
	};
	objectVersion = 55;
	objects = {

/* Begin PBXBuildFile section */
		20F26A352A5CD5E3771A18DF /* Pods_Currency_ConverterTests.framework in Frameworks */ = {isa = PBXBuildFile; fileRef = 461A2B7E6AB95F804EE88DF1 /* Pods_Currency_ConverterTests.framework */; };
		227375FC29367855007C47A6 /* CurrencyConversionEndpoint.swift in Sources */ = {isa = PBXBuildFile; fileRef = 227375FB29367855007C47A6 /* CurrencyConversionEndpoint.swift */; };
		227375FE29367F96007C47A6 /* ConvertedCurrency.swift in Sources */ = {isa = PBXBuildFile; fileRef = 227375FD29367F96007C47A6 /* ConvertedCurrency.swift */; };
		22981865293619790077542F /* AppDelegate.swift in Sources */ = {isa = PBXBuildFile; fileRef = 22981864293619790077542F /* AppDelegate.swift */; };
		22981867293619790077542F /* SceneDelegate.swift in Sources */ = {isa = PBXBuildFile; fileRef = 22981866293619790077542F /* SceneDelegate.swift */; };
		22981869293619790077542F /* CurrencyConversionViewController.swift in Sources */ = {isa = PBXBuildFile; fileRef = 22981868293619790077542F /* CurrencyConversionViewController.swift */; };
		2298186E2936197B0077542F /* Assets.xcassets in Resources */ = {isa = PBXBuildFile; fileRef = 2298186D2936197B0077542F /* Assets.xcassets */; };
		229818712936197B0077542F /* LaunchScreen.storyboard in Resources */ = {isa = PBXBuildFile; fileRef = 2298186F2936197B0077542F /* LaunchScreen.storyboard */; };
		2298187C2936197B0077542F /* Currency_ConverterTests.swift in Sources */ = {isa = PBXBuildFile; fileRef = 2298187B2936197B0077542F /* Currency_ConverterTests.swift */; };
		229818862936197B0077542F /* Currency_ConverterUITests.swift in Sources */ = {isa = PBXBuildFile; fileRef = 229818852936197B0077542F /* Currency_ConverterUITests.swift */; };
		229818882936197B0077542F /* Currency_ConverterUITestsLaunchTests.swift in Sources */ = {isa = PBXBuildFile; fileRef = 229818872936197B0077542F /* Currency_ConverterUITestsLaunchTests.swift */; };
		2298189A2936199F0077542F /* APIError.swift in Sources */ = {isa = PBXBuildFile; fileRef = 229818952936199F0077542F /* APIError.swift */; };
		2298189B2936199F0077542F /* NetworkManager.swift in Sources */ = {isa = PBXBuildFile; fileRef = 229818962936199F0077542F /* NetworkManager.swift */; };
		2298189C2936199F0077542F /* NetworkEndpointProtocol.swift in Sources */ = {isa = PBXBuildFile; fileRef = 229818972936199F0077542F /* NetworkEndpointProtocol.swift */; };
		2298189D2936199F0077542F /* APIManager.swift in Sources */ = {isa = PBXBuildFile; fileRef = 229818982936199F0077542F /* APIManager.swift */; };
		2298189E2936199F0077542F /* SymbolsEndpoint.swift in Sources */ = {isa = PBXBuildFile; fileRef = 229818992936199F0077542F /* SymbolsEndpoint.swift */; };
		229818A129361A080077542F /* CurrencySymbols.swift in Sources */ = {isa = PBXBuildFile; fileRef = 229818A029361A080077542F /* CurrencySymbols.swift */; };
		229818A429361A0F0077542F /* CurrencyConversionViewModel.swift in Sources */ = {isa = PBXBuildFile; fileRef = 229818A329361A0F0077542F /* CurrencyConversionViewModel.swift */; };
		229818A729361C1B0077542F /* AppCoordinator.swift in Sources */ = {isa = PBXBuildFile; fileRef = 229818A629361C1B0077542F /* AppCoordinator.swift */; };
		7D36C3734485A14F5D2EC170 /* Pods_Currency_Converter.framework in Frameworks */ = {isa = PBXBuildFile; fileRef = DC1A65FEBA7C39F6D6AE607C /* Pods_Currency_Converter.framework */; };
		FF7D266302C7360A3285CCCA /* Pods_Currency_Converter_Currency_ConverterUITests.framework in Frameworks */ = {isa = PBXBuildFile; fileRef = E9B9BD41FDD509AEF2C30D8F /* Pods_Currency_Converter_Currency_ConverterUITests.framework */; };
/* End PBXBuildFile section */

/* Begin PBXContainerItemProxy section */
		229818782936197B0077542F /* PBXContainerItemProxy */ = {
			isa = PBXContainerItemProxy;
			containerPortal = 22981859293619790077542F /* Project object */;
			proxyType = 1;
			remoteGlobalIDString = 22981860293619790077542F;
			remoteInfo = "Currency Converter";
		};
		229818822936197B0077542F /* PBXContainerItemProxy */ = {
			isa = PBXContainerItemProxy;
			containerPortal = 22981859293619790077542F /* Project object */;
			proxyType = 1;
			remoteGlobalIDString = 22981860293619790077542F;
			remoteInfo = "Currency Converter";
		};
/* End PBXContainerItemProxy section */

/* Begin PBXFileReference section */
		227375FB29367855007C47A6 /* CurrencyConversionEndpoint.swift */ = {isa = PBXFileReference; lastKnownFileType = sourcecode.swift; path = CurrencyConversionEndpoint.swift; sourceTree = "<group>"; };
		227375FD29367F96007C47A6 /* ConvertedCurrency.swift */ = {isa = PBXFileReference; lastKnownFileType = sourcecode.swift; path = ConvertedCurrency.swift; sourceTree = "<group>"; };
		22981861293619790077542F /* Currency Converter.app */ = {isa = PBXFileReference; explicitFileType = wrapper.application; includeInIndex = 0; path = "Currency Converter.app"; sourceTree = BUILT_PRODUCTS_DIR; };
		22981864293619790077542F /* AppDelegate.swift */ = {isa = PBXFileReference; lastKnownFileType = sourcecode.swift; path = AppDelegate.swift; sourceTree = "<group>"; };
		22981866293619790077542F /* SceneDelegate.swift */ = {isa = PBXFileReference; lastKnownFileType = sourcecode.swift; path = SceneDelegate.swift; sourceTree = "<group>"; };
		22981868293619790077542F /* CurrencyConversionViewController.swift */ = {isa = PBXFileReference; lastKnownFileType = sourcecode.swift; path = CurrencyConversionViewController.swift; sourceTree = "<group>"; };
		2298186D2936197B0077542F /* Assets.xcassets */ = {isa = PBXFileReference; lastKnownFileType = folder.assetcatalog; path = Assets.xcassets; sourceTree = "<group>"; };
		229818702936197B0077542F /* Base */ = {isa = PBXFileReference; lastKnownFileType = file.storyboard; name = Base; path = Base.lproj/LaunchScreen.storyboard; sourceTree = "<group>"; };
		229818722936197B0077542F /* Info.plist */ = {isa = PBXFileReference; lastKnownFileType = text.plist.xml; path = Info.plist; sourceTree = "<group>"; };
		229818772936197B0077542F /* Currency ConverterTests.xctest */ = {isa = PBXFileReference; explicitFileType = wrapper.cfbundle; includeInIndex = 0; path = "Currency ConverterTests.xctest"; sourceTree = BUILT_PRODUCTS_DIR; };
		2298187B2936197B0077542F /* Currency_ConverterTests.swift */ = {isa = PBXFileReference; lastKnownFileType = sourcecode.swift; path = Currency_ConverterTests.swift; sourceTree = "<group>"; };
		229818812936197B0077542F /* Currency ConverterUITests.xctest */ = {isa = PBXFileReference; explicitFileType = wrapper.cfbundle; includeInIndex = 0; path = "Currency ConverterUITests.xctest"; sourceTree = BUILT_PRODUCTS_DIR; };
		229818852936197B0077542F /* Currency_ConverterUITests.swift */ = {isa = PBXFileReference; lastKnownFileType = sourcecode.swift; path = Currency_ConverterUITests.swift; sourceTree = "<group>"; };
		229818872936197B0077542F /* Currency_ConverterUITestsLaunchTests.swift */ = {isa = PBXFileReference; lastKnownFileType = sourcecode.swift; path = Currency_ConverterUITestsLaunchTests.swift; sourceTree = "<group>"; };
		229818952936199F0077542F /* APIError.swift */ = {isa = PBXFileReference; fileEncoding = 4; lastKnownFileType = sourcecode.swift; path = APIError.swift; sourceTree = "<group>"; };
		229818962936199F0077542F /* NetworkManager.swift */ = {isa = PBXFileReference; fileEncoding = 4; lastKnownFileType = sourcecode.swift; path = NetworkManager.swift; sourceTree = "<group>"; };
		229818972936199F0077542F /* NetworkEndpointProtocol.swift */ = {isa = PBXFileReference; fileEncoding = 4; lastKnownFileType = sourcecode.swift; path = NetworkEndpointProtocol.swift; sourceTree = "<group>"; };
		229818982936199F0077542F /* APIManager.swift */ = {isa = PBXFileReference; fileEncoding = 4; lastKnownFileType = sourcecode.swift; path = APIManager.swift; sourceTree = "<group>"; };
		229818992936199F0077542F /* SymbolsEndpoint.swift */ = {isa = PBXFileReference; fileEncoding = 4; lastKnownFileType = sourcecode.swift; path = SymbolsEndpoint.swift; sourceTree = "<group>"; };
		229818A029361A080077542F /* CurrencySymbols.swift */ = {isa = PBXFileReference; fileEncoding = 4; lastKnownFileType = sourcecode.swift; path = CurrencySymbols.swift; sourceTree = "<group>"; };
		229818A329361A0F0077542F /* CurrencyConversionViewModel.swift */ = {isa = PBXFileReference; fileEncoding = 4; lastKnownFileType = sourcecode.swift; path = CurrencyConversionViewModel.swift; sourceTree = "<group>"; };
		229818A629361C1B0077542F /* AppCoordinator.swift */ = {isa = PBXFileReference; lastKnownFileType = sourcecode.swift; path = AppCoordinator.swift; sourceTree = "<group>"; };
		3301389424134A234795BACE /* Pods-Currency Converter-Currency ConverterUITests.release.xcconfig */ = {isa = PBXFileReference; includeInIndex = 1; lastKnownFileType = text.xcconfig; name = "Pods-Currency Converter-Currency ConverterUITests.release.xcconfig"; path = "Target Support Files/Pods-Currency Converter-Currency ConverterUITests/Pods-Currency Converter-Currency ConverterUITests.release.xcconfig"; sourceTree = "<group>"; };
		461A2B7E6AB95F804EE88DF1 /* Pods_Currency_ConverterTests.framework */ = {isa = PBXFileReference; explicitFileType = wrapper.framework; includeInIndex = 0; path = Pods_Currency_ConverterTests.framework; sourceTree = BUILT_PRODUCTS_DIR; };
		4C07D18D1C993E0FCA923672 /* Pods-Currency Converter-Currency ConverterUITests.debug.xcconfig */ = {isa = PBXFileReference; includeInIndex = 1; lastKnownFileType = text.xcconfig; name = "Pods-Currency Converter-Currency ConverterUITests.debug.xcconfig"; path = "Target Support Files/Pods-Currency Converter-Currency ConverterUITests/Pods-Currency Converter-Currency ConverterUITests.debug.xcconfig"; sourceTree = "<group>"; };
		57E1469EFCFE41B6380FE6E9 /* Pods-Currency Converter.release.xcconfig */ = {isa = PBXFileReference; includeInIndex = 1; lastKnownFileType = text.xcconfig; name = "Pods-Currency Converter.release.xcconfig"; path = "Target Support Files/Pods-Currency Converter/Pods-Currency Converter.release.xcconfig"; sourceTree = "<group>"; };
		B579627252CB3A8B6928B3F6 /* Pods-Currency ConverterTests.debug.xcconfig */ = {isa = PBXFileReference; includeInIndex = 1; lastKnownFileType = text.xcconfig; name = "Pods-Currency ConverterTests.debug.xcconfig"; path = "Target Support Files/Pods-Currency ConverterTests/Pods-Currency ConverterTests.debug.xcconfig"; sourceTree = "<group>"; };
		C7A7C7A2EBD580F3AFD1FB8A /* Pods-Currency Converter.debug.xcconfig */ = {isa = PBXFileReference; includeInIndex = 1; lastKnownFileType = text.xcconfig; name = "Pods-Currency Converter.debug.xcconfig"; path = "Target Support Files/Pods-Currency Converter/Pods-Currency Converter.debug.xcconfig"; sourceTree = "<group>"; };
		D983B66EA46BEDD0D16D652A /* Pods-Currency ConverterTests.release.xcconfig */ = {isa = PBXFileReference; includeInIndex = 1; lastKnownFileType = text.xcconfig; name = "Pods-Currency ConverterTests.release.xcconfig"; path = "Target Support Files/Pods-Currency ConverterTests/Pods-Currency ConverterTests.release.xcconfig"; sourceTree = "<group>"; };
		DC1A65FEBA7C39F6D6AE607C /* Pods_Currency_Converter.framework */ = {isa = PBXFileReference; explicitFileType = wrapper.framework; includeInIndex = 0; path = Pods_Currency_Converter.framework; sourceTree = BUILT_PRODUCTS_DIR; };
		E9B9BD41FDD509AEF2C30D8F /* Pods_Currency_Converter_Currency_ConverterUITests.framework */ = {isa = PBXFileReference; explicitFileType = wrapper.framework; includeInIndex = 0; path = Pods_Currency_Converter_Currency_ConverterUITests.framework; sourceTree = BUILT_PRODUCTS_DIR; };
/* End PBXFileReference section */

/* Begin PBXFrameworksBuildPhase section */
		2298185E293619790077542F /* Frameworks */ = {
			isa = PBXFrameworksBuildPhase;
			buildActionMask = 2147483647;
			files = (
				7D36C3734485A14F5D2EC170 /* Pods_Currency_Converter.framework in Frameworks */,
			);
			runOnlyForDeploymentPostprocessing = 0;
		};
		229818742936197B0077542F /* Frameworks */ = {
			isa = PBXFrameworksBuildPhase;
			buildActionMask = 2147483647;
			files = (
				20F26A352A5CD5E3771A18DF /* Pods_Currency_ConverterTests.framework in Frameworks */,
			);
			runOnlyForDeploymentPostprocessing = 0;
		};
		2298187E2936197B0077542F /* Frameworks */ = {
			isa = PBXFrameworksBuildPhase;
			buildActionMask = 2147483647;
			files = (
				FF7D266302C7360A3285CCCA /* Pods_Currency_Converter_Currency_ConverterUITests.framework in Frameworks */,
			);
			runOnlyForDeploymentPostprocessing = 0;
		};
/* End PBXFrameworksBuildPhase section */

/* Begin PBXGroup section */
		22981858293619790077542F = {
			isa = PBXGroup;
			children = (
				22981863293619790077542F /* Currency Converter */,
				2298187A2936197B0077542F /* Currency ConverterTests */,
				229818842936197B0077542F /* Currency ConverterUITests */,
				22981862293619790077542F /* Products */,
				B3C2815E7CFAAE8237A347D6 /* Pods */,
				9288F279861C9BF21DD3D12C /* Frameworks */,
			);
			sourceTree = "<group>";
		};
		22981862293619790077542F /* Products */ = {
			isa = PBXGroup;
			children = (
				22981861293619790077542F /* Currency Converter.app */,
				229818772936197B0077542F /* Currency ConverterTests.xctest */,
				229818812936197B0077542F /* Currency ConverterUITests.xctest */,
			);
			name = Products;
			sourceTree = "<group>";
		};
		22981863293619790077542F /* Currency Converter */ = {
			isa = PBXGroup;
			children = (
				229818A929361E930077542F /* AppDelegates */,
				229818A829361CC20077542F /* Views */,
				229818A529361C0B0077542F /* Coordinators */,
				229818A229361A0F0077542F /* ViewModels */,
				2298189F29361A080077542F /* Models */,
				229818942936199F0077542F /* Network Layer */,
				2298186D2936197B0077542F /* Assets.xcassets */,
				2298186F2936197B0077542F /* LaunchScreen.storyboard */,
				229818722936197B0077542F /* Info.plist */,
			);
			path = "Currency Converter";
			sourceTree = "<group>";
		};
		2298187A2936197B0077542F /* Currency ConverterTests */ = {
			isa = PBXGroup;
			children = (
				2298187B2936197B0077542F /* Currency_ConverterTests.swift */,
			);
			path = "Currency ConverterTests";
			sourceTree = "<group>";
		};
		229818842936197B0077542F /* Currency ConverterUITests */ = {
			isa = PBXGroup;
			children = (
				229818852936197B0077542F /* Currency_ConverterUITests.swift */,
				229818872936197B0077542F /* Currency_ConverterUITestsLaunchTests.swift */,
			);
			path = "Currency ConverterUITests";
			sourceTree = "<group>";
		};
		229818942936199F0077542F /* Network Layer */ = {
			isa = PBXGroup;
			children = (
				229818952936199F0077542F /* APIError.swift */,
				229818962936199F0077542F /* NetworkManager.swift */,
				229818972936199F0077542F /* NetworkEndpointProtocol.swift */,
				229818982936199F0077542F /* APIManager.swift */,
				229818992936199F0077542F /* SymbolsEndpoint.swift */,
				227375FB29367855007C47A6 /* CurrencyConversionEndpoint.swift */,
			);
			path = "Network Layer";
			sourceTree = "<group>";
		};
		2298189F29361A080077542F /* Models */ = {
			isa = PBXGroup;
			children = (
				229818A029361A080077542F /* CurrencySymbols.swift */,
				227375FD29367F96007C47A6 /* ConvertedCurrency.swift */,
			);
			path = Models;
			sourceTree = "<group>";
		};
		229818A229361A0F0077542F /* ViewModels */ = {
			isa = PBXGroup;
			children = (
				229818A329361A0F0077542F /* CurrencyConversionViewModel.swift */,
			);
			path = ViewModels;
			sourceTree = "<group>";
		};
		229818A529361C0B0077542F /* Coordinators */ = {
			isa = PBXGroup;
			children = (
				229818A629361C1B0077542F /* AppCoordinator.swift */,
			);
			path = Coordinators;
			sourceTree = "<group>";
		};
		229818A829361CC20077542F /* Views */ = {
			isa = PBXGroup;
			children = (
				22981868293619790077542F /* CurrencyConversionViewController.swift */,
			);
			path = Views;
			sourceTree = "<group>";
		};
		229818A929361E930077542F /* AppDelegates */ = {
			isa = PBXGroup;
			children = (
				22981864293619790077542F /* AppDelegate.swift */,
				22981866293619790077542F /* SceneDelegate.swift */,
			);
			path = AppDelegates;
			sourceTree = "<group>";
		};
		9288F279861C9BF21DD3D12C /* Frameworks */ = {
			isa = PBXGroup;
			children = (
				DC1A65FEBA7C39F6D6AE607C /* Pods_Currency_Converter.framework */,
				E9B9BD41FDD509AEF2C30D8F /* Pods_Currency_Converter_Currency_ConverterUITests.framework */,
				461A2B7E6AB95F804EE88DF1 /* Pods_Currency_ConverterTests.framework */,
			);
			name = Frameworks;
			sourceTree = "<group>";
		};
		B3C2815E7CFAAE8237A347D6 /* Pods */ = {
			isa = PBXGroup;
			children = (
				C7A7C7A2EBD580F3AFD1FB8A /* Pods-Currency Converter.debug.xcconfig */,
				57E1469EFCFE41B6380FE6E9 /* Pods-Currency Converter.release.xcconfig */,
				4C07D18D1C993E0FCA923672 /* Pods-Currency Converter-Currency ConverterUITests.debug.xcconfig */,
				3301389424134A234795BACE /* Pods-Currency Converter-Currency ConverterUITests.release.xcconfig */,
				B579627252CB3A8B6928B3F6 /* Pods-Currency ConverterTests.debug.xcconfig */,
				D983B66EA46BEDD0D16D652A /* Pods-Currency ConverterTests.release.xcconfig */,
			);
			path = Pods;
			sourceTree = "<group>";
		};
/* End PBXGroup section */

/* Begin PBXNativeTarget section */
		22981860293619790077542F /* Currency Converter */ = {
			isa = PBXNativeTarget;
			buildConfigurationList = 2298188B2936197B0077542F /* Build configuration list for PBXNativeTarget "Currency Converter" */;
			buildPhases = (
				897D3BD04EB7954DC649DD17 /* [CP] Check Pods Manifest.lock */,
				2298185D293619790077542F /* Sources */,
				2298185E293619790077542F /* Frameworks */,
				2298185F293619790077542F /* Resources */,
				99A613BD1265D00514AC83EC /* [CP] Embed Pods Frameworks */,
			);
			buildRules = (
			);
			dependencies = (
			);
			name = "Currency Converter";
			productName = "Currency Converter";
			productReference = 22981861293619790077542F /* Currency Converter.app */;
			productType = "com.apple.product-type.application";
		};
		229818762936197B0077542F /* Currency ConverterTests */ = {
			isa = PBXNativeTarget;
			buildConfigurationList = 2298188E2936197B0077542F /* Build configuration list for PBXNativeTarget "Currency ConverterTests" */;
			buildPhases = (
				78086391F50661D14CADAFE9 /* [CP] Check Pods Manifest.lock */,
				229818732936197B0077542F /* Sources */,
				229818742936197B0077542F /* Frameworks */,
				229818752936197B0077542F /* Resources */,
			);
			buildRules = (
			);
			dependencies = (
				229818792936197B0077542F /* PBXTargetDependency */,
			);
			name = "Currency ConverterTests";
			productName = "Currency ConverterTests";
			productReference = 229818772936197B0077542F /* Currency ConverterTests.xctest */;
			productType = "com.apple.product-type.bundle.unit-test";
		};
		229818802936197B0077542F /* Currency ConverterUITests */ = {
			isa = PBXNativeTarget;
			buildConfigurationList = 229818912936197B0077542F /* Build configuration list for PBXNativeTarget "Currency ConverterUITests" */;
			buildPhases = (
				2C0F5518E242F7C049EB9910 /* [CP] Check Pods Manifest.lock */,
				2298187D2936197B0077542F /* Sources */,
				2298187E2936197B0077542F /* Frameworks */,
				2298187F2936197B0077542F /* Resources */,
				BB9C81F0333C57D44CA9296F /* [CP] Embed Pods Frameworks */,
			);
			buildRules = (
			);
			dependencies = (
				229818832936197B0077542F /* PBXTargetDependency */,
			);
			name = "Currency ConverterUITests";
			productName = "Currency ConverterUITests";
			productReference = 229818812936197B0077542F /* Currency ConverterUITests.xctest */;
			productType = "com.apple.product-type.bundle.ui-testing";
		};
/* End PBXNativeTarget section */

/* Begin PBXProject section */
		22981859293619790077542F /* Project object */ = {
			isa = PBXProject;
			attributes = {
				BuildIndependentTargetsInParallel = 1;
				LastSwiftUpdateCheck = 1300;
				LastUpgradeCheck = 1300;
				TargetAttributes = {
					22981860293619790077542F = {
						CreatedOnToolsVersion = 13.0;
					};
					229818762936197B0077542F = {
						CreatedOnToolsVersion = 13.0;
						TestTargetID = 22981860293619790077542F;
					};
					229818802936197B0077542F = {
						CreatedOnToolsVersion = 13.0;
						TestTargetID = 22981860293619790077542F;
					};
				};
			};
			buildConfigurationList = 2298185C293619790077542F /* Build configuration list for PBXProject "Currency Converter" */;
			compatibilityVersion = "Xcode 13.0";
			developmentRegion = en;
			hasScannedForEncodings = 0;
			knownRegions = (
				en,
				Base,
			);
			mainGroup = 22981858293619790077542F;
			productRefGroup = 22981862293619790077542F /* Products */;
			projectDirPath = "";
			projectRoot = "";
			targets = (
				22981860293619790077542F /* Currency Converter */,
				229818762936197B0077542F /* Currency ConverterTests */,
				229818802936197B0077542F /* Currency ConverterUITests */,
			);
		};
/* End PBXProject section */

/* Begin PBXResourcesBuildPhase section */
		2298185F293619790077542F /* Resources */ = {
			isa = PBXResourcesBuildPhase;
			buildActionMask = 2147483647;
			files = (
				229818712936197B0077542F /* LaunchScreen.storyboard in Resources */,
				2298186E2936197B0077542F /* Assets.xcassets in Resources */,
			);
			runOnlyForDeploymentPostprocessing = 0;
		};
		229818752936197B0077542F /* Resources */ = {
			isa = PBXResourcesBuildPhase;
			buildActionMask = 2147483647;
			files = (
			);
			runOnlyForDeploymentPostprocessing = 0;
		};
		2298187F2936197B0077542F /* Resources */ = {
			isa = PBXResourcesBuildPhase;
			buildActionMask = 2147483647;
			files = (
			);
			runOnlyForDeploymentPostprocessing = 0;
		};
/* End PBXResourcesBuildPhase section */

/* Begin PBXShellScriptBuildPhase section */
		2C0F5518E242F7C049EB9910 /* [CP] Check Pods Manifest.lock */ = {
			isa = PBXShellScriptBuildPhase;
			buildActionMask = 2147483647;
			files = (
			);
			inputFileListPaths = (
			);
			inputPaths = (
				"${PODS_PODFILE_DIR_PATH}/Podfile.lock",
				"${PODS_ROOT}/Manifest.lock",
			);
			name = "[CP] Check Pods Manifest.lock";
			outputFileListPaths = (
			);
			outputPaths = (
				"$(DERIVED_FILE_DIR)/Pods-Currency Converter-Currency ConverterUITests-checkManifestLockResult.txt",
			);
			runOnlyForDeploymentPostprocessing = 0;
			shellPath = /bin/sh;
			shellScript = "diff \"${PODS_PODFILE_DIR_PATH}/Podfile.lock\" \"${PODS_ROOT}/Manifest.lock\" > /dev/null\nif [ $? != 0 ] ; then\n    # print error to STDERR\n    echo \"error: The sandbox is not in sync with the Podfile.lock. Run 'pod install' or update your CocoaPods installation.\" >&2\n    exit 1\nfi\n# This output is used by Xcode 'outputs' to avoid re-running this script phase.\necho \"SUCCESS\" > \"${SCRIPT_OUTPUT_FILE_0}\"\n";
			showEnvVarsInLog = 0;
		};
		78086391F50661D14CADAFE9 /* [CP] Check Pods Manifest.lock */ = {
			isa = PBXShellScriptBuildPhase;
			buildActionMask = 2147483647;
			files = (
			);
			inputFileListPaths = (
			);
			inputPaths = (
				"${PODS_PODFILE_DIR_PATH}/Podfile.lock",
				"${PODS_ROOT}/Manifest.lock",
			);
			name = "[CP] Check Pods Manifest.lock";
			outputFileListPaths = (
			);
			outputPaths = (
				"$(DERIVED_FILE_DIR)/Pods-Currency ConverterTests-checkManifestLockResult.txt",
			);
			runOnlyForDeploymentPostprocessing = 0;
			shellPath = /bin/sh;
			shellScript = "diff \"${PODS_PODFILE_DIR_PATH}/Podfile.lock\" \"${PODS_ROOT}/Manifest.lock\" > /dev/null\nif [ $? != 0 ] ; then\n    # print error to STDERR\n    echo \"error: The sandbox is not in sync with the Podfile.lock. Run 'pod install' or update your CocoaPods installation.\" >&2\n    exit 1\nfi\n# This output is used by Xcode 'outputs' to avoid re-running this script phase.\necho \"SUCCESS\" > \"${SCRIPT_OUTPUT_FILE_0}\"\n";
			showEnvVarsInLog = 0;
		};
		897D3BD04EB7954DC649DD17 /* [CP] Check Pods Manifest.lock */ = {
			isa = PBXShellScriptBuildPhase;
			buildActionMask = 2147483647;
			files = (
			);
			inputFileListPaths = (
			);
			inputPaths = (
				"${PODS_PODFILE_DIR_PATH}/Podfile.lock",
				"${PODS_ROOT}/Manifest.lock",
			);
			name = "[CP] Check Pods Manifest.lock";
			outputFileListPaths = (
			);
			outputPaths = (
				"$(DERIVED_FILE_DIR)/Pods-Currency Converter-checkManifestLockResult.txt",
			);
			runOnlyForDeploymentPostprocessing = 0;
			shellPath = /bin/sh;
			shellScript = "diff \"${PODS_PODFILE_DIR_PATH}/Podfile.lock\" \"${PODS_ROOT}/Manifest.lock\" > /dev/null\nif [ $? != 0 ] ; then\n    # print error to STDERR\n    echo \"error: The sandbox is not in sync with the Podfile.lock. Run 'pod install' or update your CocoaPods installation.\" >&2\n    exit 1\nfi\n# This output is used by Xcode 'outputs' to avoid re-running this script phase.\necho \"SUCCESS\" > \"${SCRIPT_OUTPUT_FILE_0}\"\n";
			showEnvVarsInLog = 0;
		};
		99A613BD1265D00514AC83EC /* [CP] Embed Pods Frameworks */ = {
			isa = PBXShellScriptBuildPhase;
			buildActionMask = 2147483647;
			files = (
			);
			inputFileListPaths = (
				"${PODS_ROOT}/Target Support Files/Pods-Currency Converter/Pods-Currency Converter-frameworks-${CONFIGURATION}-input-files.xcfilelist",
			);
			name = "[CP] Embed Pods Frameworks";
			outputFileListPaths = (
				"${PODS_ROOT}/Target Support Files/Pods-Currency Converter/Pods-Currency Converter-frameworks-${CONFIGURATION}-output-files.xcfilelist",
			);
			runOnlyForDeploymentPostprocessing = 0;
			shellPath = /bin/sh;
			shellScript = "\"${PODS_ROOT}/Target Support Files/Pods-Currency Converter/Pods-Currency Converter-frameworks.sh\"\n";
			showEnvVarsInLog = 0;
		};
		BB9C81F0333C57D44CA9296F /* [CP] Embed Pods Frameworks */ = {
			isa = PBXShellScriptBuildPhase;
			buildActionMask = 2147483647;
			files = (
			);
			inputFileListPaths = (
				"${PODS_ROOT}/Target Support Files/Pods-Currency Converter-Currency ConverterUITests/Pods-Currency Converter-Currency ConverterUITests-frameworks-${CONFIGURATION}-input-files.xcfilelist",
			);
			name = "[CP] Embed Pods Frameworks";
			outputFileListPaths = (
				"${PODS_ROOT}/Target Support Files/Pods-Currency Converter-Currency ConverterUITests/Pods-Currency Converter-Currency ConverterUITests-frameworks-${CONFIGURATION}-output-files.xcfilelist",
			);
			runOnlyForDeploymentPostprocessing = 0;
			shellPath = /bin/sh;
			shellScript = "\"${PODS_ROOT}/Target Support Files/Pods-Currency Converter-Currency ConverterUITests/Pods-Currency Converter-Currency ConverterUITests-frameworks.sh\"\n";
			showEnvVarsInLog = 0;
		};
/* End PBXShellScriptBuildPhase section */

/* Begin PBXSourcesBuildPhase section */
		2298185D293619790077542F /* Sources */ = {
			isa = PBXSourcesBuildPhase;
			buildActionMask = 2147483647;
			files = (
				229818A729361C1B0077542F /* AppCoordinator.swift in Sources */,
				227375FE29367F96007C47A6 /* ConvertedCurrency.swift in Sources */,
				22981869293619790077542F /* CurrencyConversionViewController.swift in Sources */,
				2298189A2936199F0077542F /* APIError.swift in Sources */,
				2298189E2936199F0077542F /* SymbolsEndpoint.swift in Sources */,
				2298189B2936199F0077542F /* NetworkManager.swift in Sources */,
				22981865293619790077542F /* AppDelegate.swift in Sources */,
				227375FC29367855007C47A6 /* CurrencyConversionEndpoint.swift in Sources */,
				22981867293619790077542F /* SceneDelegate.swift in Sources */,
				2298189C2936199F0077542F /* NetworkEndpointProtocol.swift in Sources */,
				229818A129361A080077542F /* CurrencySymbols.swift in Sources */,
				2298189D2936199F0077542F /* APIManager.swift in Sources */,
				229818A429361A0F0077542F /* CurrencyConversionViewModel.swift in Sources */,
			);
			runOnlyForDeploymentPostprocessing = 0;
		};
		229818732936197B0077542F /* Sources */ = {
			isa = PBXSourcesBuildPhase;
			buildActionMask = 2147483647;
			files = (
				2298187C2936197B0077542F /* Currency_ConverterTests.swift in Sources */,
			);
			runOnlyForDeploymentPostprocessing = 0;
		};
		2298187D2936197B0077542F /* Sources */ = {
			isa = PBXSourcesBuildPhase;
			buildActionMask = 2147483647;
			files = (
				229818882936197B0077542F /* Currency_ConverterUITestsLaunchTests.swift in Sources */,
				229818862936197B0077542F /* Currency_ConverterUITests.swift in Sources */,
			);
			runOnlyForDeploymentPostprocessing = 0;
		};
/* End PBXSourcesBuildPhase section */

/* Begin PBXTargetDependency section */
		229818792936197B0077542F /* PBXTargetDependency */ = {
			isa = PBXTargetDependency;
			target = 22981860293619790077542F /* Currency Converter */;
			targetProxy = 229818782936197B0077542F /* PBXContainerItemProxy */;
		};
		229818832936197B0077542F /* PBXTargetDependency */ = {
			isa = PBXTargetDependency;
			target = 22981860293619790077542F /* Currency Converter */;
			targetProxy = 229818822936197B0077542F /* PBXContainerItemProxy */;
		};
/* End PBXTargetDependency section */

/* Begin PBXVariantGroup section */
		2298186F2936197B0077542F /* LaunchScreen.storyboard */ = {
			isa = PBXVariantGroup;
			children = (
				229818702936197B0077542F /* Base */,
			);
			name = LaunchScreen.storyboard;
			sourceTree = "<group>";
		};
/* End PBXVariantGroup section */

/* Begin XCBuildConfiguration section */
		229818892936197B0077542F /* Debug */ = {
			isa = XCBuildConfiguration;
			buildSettings = {
				ALWAYS_SEARCH_USER_PATHS = NO;
				CLANG_ANALYZER_NONNULL = YES;
				CLANG_ANALYZER_NUMBER_OBJECT_CONVERSION = YES_AGGRESSIVE;
				CLANG_CXX_LANGUAGE_STANDARD = "gnu++17";
				CLANG_CXX_LIBRARY = "libc++";
				CLANG_ENABLE_MODULES = YES;
				CLANG_ENABLE_OBJC_ARC = YES;
				CLANG_ENABLE_OBJC_WEAK = YES;
				CLANG_WARN_BLOCK_CAPTURE_AUTORELEASING = YES;
				CLANG_WARN_BOOL_CONVERSION = YES;
				CLANG_WARN_COMMA = YES;
				CLANG_WARN_CONSTANT_CONVERSION = YES;
				CLANG_WARN_DEPRECATED_OBJC_IMPLEMENTATIONS = YES;
				CLANG_WARN_DIRECT_OBJC_ISA_USAGE = YES_ERROR;
				CLANG_WARN_DOCUMENTATION_COMMENTS = YES;
				CLANG_WARN_EMPTY_BODY = YES;
				CLANG_WARN_ENUM_CONVERSION = YES;
				CLANG_WARN_INFINITE_RECURSION = YES;
				CLANG_WARN_INT_CONVERSION = YES;
				CLANG_WARN_NON_LITERAL_NULL_CONVERSION = YES;
				CLANG_WARN_OBJC_IMPLICIT_RETAIN_SELF = YES;
				CLANG_WARN_OBJC_LITERAL_CONVERSION = YES;
				CLANG_WARN_OBJC_ROOT_CLASS = YES_ERROR;
				CLANG_WARN_QUOTED_INCLUDE_IN_FRAMEWORK_HEADER = YES;
				CLANG_WARN_RANGE_LOOP_ANALYSIS = YES;
				CLANG_WARN_STRICT_PROTOTYPES = YES;
				CLANG_WARN_SUSPICIOUS_MOVE = YES;
				CLANG_WARN_UNGUARDED_AVAILABILITY = YES_AGGRESSIVE;
				CLANG_WARN_UNREACHABLE_CODE = YES;
				CLANG_WARN__DUPLICATE_METHOD_MATCH = YES;
				COPY_PHASE_STRIP = NO;
				DEBUG_INFORMATION_FORMAT = dwarf;
				ENABLE_STRICT_OBJC_MSGSEND = YES;
				ENABLE_TESTABILITY = YES;
				GCC_C_LANGUAGE_STANDARD = gnu11;
				GCC_DYNAMIC_NO_PIC = NO;
				GCC_NO_COMMON_BLOCKS = YES;
				GCC_OPTIMIZATION_LEVEL = 0;
				GCC_PREPROCESSOR_DEFINITIONS = (
					"DEBUG=1",
					"$(inherited)",
				);
				GCC_WARN_64_TO_32_BIT_CONVERSION = YES;
				GCC_WARN_ABOUT_RETURN_TYPE = YES_ERROR;
				GCC_WARN_UNDECLARED_SELECTOR = YES;
				GCC_WARN_UNINITIALIZED_AUTOS = YES_AGGRESSIVE;
				GCC_WARN_UNUSED_FUNCTION = YES;
				GCC_WARN_UNUSED_VARIABLE = YES;
				IPHONEOS_DEPLOYMENT_TARGET = 15.0;
				MTL_ENABLE_DEBUG_INFO = INCLUDE_SOURCE;
				MTL_FAST_MATH = YES;
				ONLY_ACTIVE_ARCH = YES;
				SDKROOT = iphoneos;
				SWIFT_ACTIVE_COMPILATION_CONDITIONS = DEBUG;
				SWIFT_OPTIMIZATION_LEVEL = "-Onone";
			};
			name = Debug;
		};
		2298188A2936197B0077542F /* Release */ = {
			isa = XCBuildConfiguration;
			buildSettings = {
				ALWAYS_SEARCH_USER_PATHS = NO;
				CLANG_ANALYZER_NONNULL = YES;
				CLANG_ANALYZER_NUMBER_OBJECT_CONVERSION = YES_AGGRESSIVE;
				CLANG_CXX_LANGUAGE_STANDARD = "gnu++17";
				CLANG_CXX_LIBRARY = "libc++";
				CLANG_ENABLE_MODULES = YES;
				CLANG_ENABLE_OBJC_ARC = YES;
				CLANG_ENABLE_OBJC_WEAK = YES;
				CLANG_WARN_BLOCK_CAPTURE_AUTORELEASING = YES;
				CLANG_WARN_BOOL_CONVERSION = YES;
				CLANG_WARN_COMMA = YES;
				CLANG_WARN_CONSTANT_CONVERSION = YES;
				CLANG_WARN_DEPRECATED_OBJC_IMPLEMENTATIONS = YES;
				CLANG_WARN_DIRECT_OBJC_ISA_USAGE = YES_ERROR;
				CLANG_WARN_DOCUMENTATION_COMMENTS = YES;
				CLANG_WARN_EMPTY_BODY = YES;
				CLANG_WARN_ENUM_CONVERSION = YES;
				CLANG_WARN_INFINITE_RECURSION = YES;
				CLANG_WARN_INT_CONVERSION = YES;
				CLANG_WARN_NON_LITERAL_NULL_CONVERSION = YES;
				CLANG_WARN_OBJC_IMPLICIT_RETAIN_SELF = YES;
				CLANG_WARN_OBJC_LITERAL_CONVERSION = YES;
				CLANG_WARN_OBJC_ROOT_CLASS = YES_ERROR;
				CLANG_WARN_QUOTED_INCLUDE_IN_FRAMEWORK_HEADER = YES;
				CLANG_WARN_RANGE_LOOP_ANALYSIS = YES;
				CLANG_WARN_STRICT_PROTOTYPES = YES;
				CLANG_WARN_SUSPICIOUS_MOVE = YES;
				CLANG_WARN_UNGUARDED_AVAILABILITY = YES_AGGRESSIVE;
				CLANG_WARN_UNREACHABLE_CODE = YES;
				CLANG_WARN__DUPLICATE_METHOD_MATCH = YES;
				COPY_PHASE_STRIP = NO;
				DEBUG_INFORMATION_FORMAT = "dwarf-with-dsym";
				ENABLE_NS_ASSERTIONS = NO;
				ENABLE_STRICT_OBJC_MSGSEND = YES;
				GCC_C_LANGUAGE_STANDARD = gnu11;
				GCC_NO_COMMON_BLOCKS = YES;
				GCC_WARN_64_TO_32_BIT_CONVERSION = YES;
				GCC_WARN_ABOUT_RETURN_TYPE = YES_ERROR;
				GCC_WARN_UNDECLARED_SELECTOR = YES;
				GCC_WARN_UNINITIALIZED_AUTOS = YES_AGGRESSIVE;
				GCC_WARN_UNUSED_FUNCTION = YES;
				GCC_WARN_UNUSED_VARIABLE = YES;
				IPHONEOS_DEPLOYMENT_TARGET = 15.0;
				MTL_ENABLE_DEBUG_INFO = NO;
				MTL_FAST_MATH = YES;
				SDKROOT = iphoneos;
				SWIFT_COMPILATION_MODE = wholemodule;
				SWIFT_OPTIMIZATION_LEVEL = "-O";
				VALIDATE_PRODUCT = YES;
			};
			name = Release;
		};
		2298188C2936197B0077542F /* Debug */ = {
			isa = XCBuildConfiguration;
			baseConfigurationReference = C7A7C7A2EBD580F3AFD1FB8A /* Pods-Currency Converter.debug.xcconfig */;
			buildSettings = {
				ASSETCATALOG_COMPILER_APPICON_NAME = AppIcon;
				ASSETCATALOG_COMPILER_GLOBAL_ACCENT_COLOR_NAME = AccentColor;
				CODE_SIGN_STYLE = Automatic;
				CURRENT_PROJECT_VERSION = 1;
				GENERATE_INFOPLIST_FILE = YES;
				INFOPLIST_FILE = "Currency Converter/Info.plist";
				INFOPLIST_KEY_UIApplicationSupportsIndirectInputEvents = YES;
				INFOPLIST_KEY_UILaunchStoryboardName = LaunchScreen;
				INFOPLIST_KEY_UISupportedInterfaceOrientations_iPad = "UIInterfaceOrientationPortrait UIInterfaceOrientationPortraitUpsideDown UIInterfaceOrientationLandscapeLeft UIInterfaceOrientationLandscapeRight";
				INFOPLIST_KEY_UISupportedInterfaceOrientations_iPhone = "UIInterfaceOrientationPortrait UIInterfaceOrientationLandscapeLeft UIInterfaceOrientationLandscapeRight";
				LD_RUNPATH_SEARCH_PATHS = (
					"$(inherited)",
					"@executable_path/Frameworks",
				);
				MARKETING_VERSION = 1.0;
				PRODUCT_BUNDLE_IDENTIFIER = "com.vabiosd.Currency-Converter";
				PRODUCT_NAME = "$(TARGET_NAME)";
				SWIFT_EMIT_LOC_STRINGS = YES;
				SWIFT_VERSION = 5.0;
				TARGETED_DEVICE_FAMILY = "1,2";
			};
			name = Debug;
		};
		2298188D2936197B0077542F /* Release */ = {
			isa = XCBuildConfiguration;
			baseConfigurationReference = 57E1469EFCFE41B6380FE6E9 /* Pods-Currency Converter.release.xcconfig */;
			buildSettings = {
				ASSETCATALOG_COMPILER_APPICON_NAME = AppIcon;
				ASSETCATALOG_COMPILER_GLOBAL_ACCENT_COLOR_NAME = AccentColor;
				CODE_SIGN_STYLE = Automatic;
				CURRENT_PROJECT_VERSION = 1;
				GENERATE_INFOPLIST_FILE = YES;
				INFOPLIST_FILE = "Currency Converter/Info.plist";
				INFOPLIST_KEY_UIApplicationSupportsIndirectInputEvents = YES;
				INFOPLIST_KEY_UILaunchStoryboardName = LaunchScreen;
				INFOPLIST_KEY_UISupportedInterfaceOrientations_iPad = "UIInterfaceOrientationPortrait UIInterfaceOrientationPortraitUpsideDown UIInterfaceOrientationLandscapeLeft UIInterfaceOrientationLandscapeRight";
				INFOPLIST_KEY_UISupportedInterfaceOrientations_iPhone = "UIInterfaceOrientationPortrait UIInterfaceOrientationLandscapeLeft UIInterfaceOrientationLandscapeRight";
				LD_RUNPATH_SEARCH_PATHS = (
					"$(inherited)",
					"@executable_path/Frameworks",
				);
				MARKETING_VERSION = 1.0;
				PRODUCT_BUNDLE_IDENTIFIER = "com.vabiosd.Currency-Converter";
				PRODUCT_NAME = "$(TARGET_NAME)";
				SWIFT_EMIT_LOC_STRINGS = YES;
				SWIFT_VERSION = 5.0;
				TARGETED_DEVICE_FAMILY = "1,2";
			};
			name = Release;
		};
		2298188F2936197B0077542F /* Debug */ = {
			isa = XCBuildConfiguration;
			baseConfigurationReference = B579627252CB3A8B6928B3F6 /* Pods-Currency ConverterTests.debug.xcconfig */;
			buildSettings = {
				ALWAYS_EMBED_SWIFT_STANDARD_LIBRARIES = YES;
				BUNDLE_LOADER = "$(TEST_HOST)";
				CODE_SIGN_STYLE = Automatic;
				CURRENT_PROJECT_VERSION = 1;
				GENERATE_INFOPLIST_FILE = YES;
				IPHONEOS_DEPLOYMENT_TARGET = 15.0;
				LD_RUNPATH_SEARCH_PATHS = (
					"$(inherited)",
					"@executable_path/Frameworks",
					"@loader_path/Frameworks",
				);
				MARKETING_VERSION = 1.0;
				PRODUCT_BUNDLE_IDENTIFIER = "com.vabiosd.Currency-ConverterTests";
				PRODUCT_NAME = "$(TARGET_NAME)";
				SWIFT_EMIT_LOC_STRINGS = NO;
				SWIFT_VERSION = 5.0;
				TARGETED_DEVICE_FAMILY = "1,2";
				TEST_HOST = "$(BUILT_PRODUCTS_DIR)/Currency Converter.app/Currency Converter";
			};
			name = Debug;
		};
		229818902936197B0077542F /* Release */ = {
			isa = XCBuildConfiguration;
			baseConfigurationReference = D983B66EA46BEDD0D16D652A /* Pods-Currency ConverterTests.release.xcconfig */;
			buildSettings = {
				ALWAYS_EMBED_SWIFT_STANDARD_LIBRARIES = YES;
				BUNDLE_LOADER = "$(TEST_HOST)";
				CODE_SIGN_STYLE = Automatic;
				CURRENT_PROJECT_VERSION = 1;
				GENERATE_INFOPLIST_FILE = YES;
				IPHONEOS_DEPLOYMENT_TARGET = 15.0;
				LD_RUNPATH_SEARCH_PATHS = (
					"$(inherited)",
					"@executable_path/Frameworks",
					"@loader_path/Frameworks",
				);
				MARKETING_VERSION = 1.0;
				PRODUCT_BUNDLE_IDENTIFIER = "com.vabiosd.Currency-ConverterTests";
				PRODUCT_NAME = "$(TARGET_NAME)";
				SWIFT_EMIT_LOC_STRINGS = NO;
				SWIFT_VERSION = 5.0;
				TARGETED_DEVICE_FAMILY = "1,2";
				TEST_HOST = "$(BUILT_PRODUCTS_DIR)/Currency Converter.app/Currency Converter";
			};
			name = Release;
		};
		229818922936197B0077542F /* Debug */ = {
			isa = XCBuildConfiguration;
			baseConfigurationReference = 4C07D18D1C993E0FCA923672 /* Pods-Currency Converter-Currency ConverterUITests.debug.xcconfig */;
			buildSettings = {
				ALWAYS_EMBED_SWIFT_STANDARD_LIBRARIES = YES;
				CODE_SIGN_STYLE = Automatic;
				CURRENT_PROJECT_VERSION = 1;
				GENERATE_INFOPLIST_FILE = YES;
				LD_RUNPATH_SEARCH_PATHS = (
					"$(inherited)",
					"@executable_path/Frameworks",
					"@loader_path/Frameworks",
				);
				MARKETING_VERSION = 1.0;
				PRODUCT_BUNDLE_IDENTIFIER = "com.vabiosd.Currency-ConverterUITests";
				PRODUCT_NAME = "$(TARGET_NAME)";
				SWIFT_EMIT_LOC_STRINGS = NO;
				SWIFT_VERSION = 5.0;
				TARGETED_DEVICE_FAMILY = "1,2";
				TEST_TARGET_NAME = "Currency Converter";
			};
			name = Debug;
		};
		229818932936197B0077542F /* Release */ = {
			isa = XCBuildConfiguration;
			baseConfigurationReference = 3301389424134A234795BACE /* Pods-Currency Converter-Currency ConverterUITests.release.xcconfig */;
			buildSettings = {
				ALWAYS_EMBED_SWIFT_STANDARD_LIBRARIES = YES;
				CODE_SIGN_STYLE = Automatic;
				CURRENT_PROJECT_VERSION = 1;
				GENERATE_INFOPLIST_FILE = YES;
				LD_RUNPATH_SEARCH_PATHS = (
					"$(inherited)",
					"@executable_path/Frameworks",
					"@loader_path/Frameworks",
				);
				MARKETING_VERSION = 1.0;
				PRODUCT_BUNDLE_IDENTIFIER = "com.vabiosd.Currency-ConverterUITests";
				PRODUCT_NAME = "$(TARGET_NAME)";
				SWIFT_EMIT_LOC_STRINGS = NO;
				SWIFT_VERSION = 5.0;
				TARGETED_DEVICE_FAMILY = "1,2";
				TEST_TARGET_NAME = "Currency Converter";
			};
			name = Release;
		};
/* End XCBuildConfiguration section */

/* Begin XCConfigurationList section */
		2298185C293619790077542F /* Build configuration list for PBXProject "Currency Converter" */ = {
			isa = XCConfigurationList;
			buildConfigurations = (
				229818892936197B0077542F /* Debug */,
				2298188A2936197B0077542F /* Release */,
			);
			defaultConfigurationIsVisible = 0;
			defaultConfigurationName = Release;
		};
		2298188B2936197B0077542F /* Build configuration list for PBXNativeTarget "Currency Converter" */ = {
			isa = XCConfigurationList;
			buildConfigurations = (
				2298188C2936197B0077542F /* Debug */,
				2298188D2936197B0077542F /* Release */,
			);
			defaultConfigurationIsVisible = 0;
			defaultConfigurationName = Release;
		};
		2298188E2936197B0077542F /* Build configuration list for PBXNativeTarget "Currency ConverterTests" */ = {
			isa = XCConfigurationList;
			buildConfigurations = (
				2298188F2936197B0077542F /* Debug */,
				229818902936197B0077542F /* Release */,
			);
			defaultConfigurationIsVisible = 0;
			defaultConfigurationName = Release;
		};
		229818912936197B0077542F /* Build configuration list for PBXNativeTarget "Currency ConverterUITests" */ = {
			isa = XCConfigurationList;
			buildConfigurations = (
				229818922936197B0077542F /* Debug */,
				229818932936197B0077542F /* Release */,
			);
			defaultConfigurationIsVisible = 0;
			defaultConfigurationName = Release;
		};
/* End XCConfigurationList section */
	};
	rootObject = 22981859293619790077542F /* Project object */;
}
